
Microsoft Visual Studio Solution File, Format Version 12.00
# Visual Studio Version 16
VisualStudioVersion = 16.0.31129.286
MinimumVisualStudioVersion = 10.0.40219.1
Project("{FAE04EC0-301F-11D3-BF4B-00C04F79EFBC}") = "VIEW", "VIEW\VIEW.csproj", "{5727D5EE-188C-468B-AC9F-79065BC99676}"
EndProject
Project("{FAE04EC0-301F-11D3-BF4B-00C04F79EFBC}") = "DAO", "DAO\DAO.csproj", "{31C0D76B-BBBE-4BBF-A3A7-CBF6C9D9EE17}"
EndProject
Project("{FAE04EC0-301F-11D3-BF4B-00C04F79EFBC}") = "DTO", "DTO\DTO.csproj", "{C01BDE83-1F71-41C3-AEBA-5D42A98F135F}"
EndProject
Global
	GlobalSection(SolutionConfigurationPlatforms) = preSolution
		Debug|Any CPU = Debug|Any CPU
		Release|Any CPU = Release|Any CPU
	EndGlobalSection
	GlobalSection(ProjectConfigurationPlatforms) = postSolution
		{5727D5EE-188C-468B-AC9F-79065BC99676}.Debug|Any CPU.ActiveCfg = Debug|Any CPU
		{5727D5EE-188C-468B-AC9F-79065BC99676}.Debug|Any CPU.Build.0 = Debug|Any CPU
		{5727D5EE-188C-468B-AC9F-79065BC99676}.Release|Any CPU.ActiveCfg = Release|Any CPU
		{5727D5EE-188C-468B-AC9F-79065BC99676}.Release|Any CPU.Build.0 = Release|Any CPU
		{31C0D76B-BBBE-4BBF-A3A7-CBF6C9D9EE17}.Debug|Any CPU.ActiveCfg = Debug|Any CPU
		{31C0D76B-BBBE-4BBF-A3A7-CBF6C9D9EE17}.Debug|Any CPU.Build.0 = Debug|Any CPU
		{31C0D76B-BBBE-4BBF-A3A7-CBF6C9D9EE17}.Release|Any CPU.ActiveCfg = Release|Any CPU
		{31C0D76B-BBBE-4BBF-A3A7-CBF6C9D9EE17}.Release|Any CPU.Build.0 = Release|Any CPU
		{C01BDE83-1F71-41C3-AEBA-5D42A98F135F}.Debug|Any CPU.ActiveCfg = Debug|Any CPU
		{C01BDE83-1F71-41C3-AEBA-5D42A98F135F}.Debug|Any CPU.Build.0 = Debug|Any CPU
		{C01BDE83-1F71-41C3-AEBA-5D42A98F135F}.Release|Any CPU.ActiveCfg = Release|Any CPU
		{C01BDE83-1F71-41C3-AEBA-5D42A98F135F}.Release|Any CPU.Build.0 = Release|Any CPU
	EndGlobalSection
	GlobalSection(SolutionProperties) = preSolution
		HideSolutionNode = FALSE
	EndGlobalSection
	GlobalSection(ExtensibilityGlobals) = postSolution
		SolutionGuid = {9FD80B13-FD33-45D5-8678-8DF7EA6B5749}
	EndGlobalSection
EndGlobal
